
Microsoft Visual Studio Solution File, Format Version 12.00
# Visual Studio Version 16
VisualStudioVersion = 16.0.31729.503
MinimumVisualStudioVersion = 10.0.40219.1
Project("{9A19103F-16F7-4668-BE54-9A1E7A4F7556}") = "ProjectServer", "ProjectServer\ProjectServer.csproj", "{74B31FE7-86EC-4EC4-84F2-562FBB32BE8B}"
EndProject
Project("{9A19103F-16F7-4668-BE54-9A1E7A4F7556}") = "DL", "DL\DL.csproj", "{226C8098-3E05-4BB1-9997-2B0BDFA09381}"
EndProject
Project("{9A19103F-16F7-4668-BE54-9A1E7A4F7556}") = "BL", "BL\BL.csproj", "{9CA304FC-5D4D-4B43-9485-8FCD5178B59E}"
EndProject
Project("{9A19103F-16F7-4668-BE54-9A1E7A4F7556}") = "Entities", "Entities\Entities.csproj", "{A5452048-DDF2-4361-AC5F-245435148150}"
EndProject
Project("{2150E333-8FDC-42A3-9474-1A3956D46DE8}") = "Solution Items", "Solution Items", "{0448AB0A-5FA6-455A-AEA9-D349DE574CC6}"
	ProjectSection(SolutionItems) = preProject
		.editorconfig = .editorconfig
	EndProjectSection
EndProject
Project("{9A19103F-16F7-4668-BE54-9A1E7A4F7556}") = "DTO", "DTO\DTO.csproj", "{0B367B48-CA7C-4BE1-8CE5-0D42445C4802}"
EndProject
Global
	GlobalSection(SolutionConfigurationPlatforms) = preSolution
		Debug|Any CPU = Debug|Any CPU
		Release|Any CPU = Release|Any CPU
	EndGlobalSection
	GlobalSection(ProjectConfigurationPlatforms) = postSolution
		{74B31FE7-86EC-4EC4-84F2-562FBB32BE8B}.Debug|Any CPU.ActiveCfg = Debug|Any CPU
		{74B31FE7-86EC-4EC4-84F2-562FBB32BE8B}.Debug|Any CPU.Build.0 = Debug|Any CPU
		{74B31FE7-86EC-4EC4-84F2-562FBB32BE8B}.Release|Any CPU.ActiveCfg = Release|Any CPU
		{74B31FE7-86EC-4EC4-84F2-562FBB32BE8B}.Release|Any CPU.Build.0 = Release|Any CPU
		{226C8098-3E05-4BB1-9997-2B0BDFA09381}.Debug|Any CPU.ActiveCfg = Debug|Any CPU
		{226C8098-3E05-4BB1-9997-2B0BDFA09381}.Debug|Any CPU.Build.0 = Debug|Any CPU
		{226C8098-3E05-4BB1-9997-2B0BDFA09381}.Release|Any CPU.ActiveCfg = Release|Any CPU
		{226C8098-3E05-4BB1-9997-2B0BDFA09381}.Release|Any CPU.Build.0 = Release|Any CPU
		{9CA304FC-5D4D-4B43-9485-8FCD5178B59E}.Debug|Any CPU.ActiveCfg = Debug|Any CPU
		{9CA304FC-5D4D-4B43-9485-8FCD5178B59E}.Debug|Any CPU.Build.0 = Debug|Any CPU
		{9CA304FC-5D4D-4B43-9485-8FCD5178B59E}.Release|Any CPU.ActiveCfg = Release|Any CPU
		{9CA304FC-5D4D-4B43-9485-8FCD5178B59E}.Release|Any CPU.Build.0 = Release|Any CPU
		{A5452048-DDF2-4361-AC5F-245435148150}.Debug|Any CPU.ActiveCfg = Debug|Any CPU
		{A5452048-DDF2-4361-AC5F-245435148150}.Debug|Any CPU.Build.0 = Debug|Any CPU
		{A5452048-DDF2-4361-AC5F-245435148150}.Release|Any CPU.ActiveCfg = Release|Any CPU
		{A5452048-DDF2-4361-AC5F-245435148150}.Release|Any CPU.Build.0 = Release|Any CPU
		{0B367B48-CA7C-4BE1-8CE5-0D42445C4802}.Debug|Any CPU.ActiveCfg = Debug|Any CPU
		{0B367B48-CA7C-4BE1-8CE5-0D42445C4802}.Debug|Any CPU.Build.0 = Debug|Any CPU
		{0B367B48-CA7C-4BE1-8CE5-0D42445C4802}.Release|Any CPU.ActiveCfg = Release|Any CPU
		{0B367B48-CA7C-4BE1-8CE5-0D42445C4802}.Release|Any CPU.Build.0 = Release|Any CPU
	EndGlobalSection
	GlobalSection(SolutionProperties) = preSolution
		HideSolutionNode = FALSE
	EndGlobalSection
	GlobalSection(ExtensibilityGlobals) = postSolution
		SolutionGuid = {855CC768-BA4B-45BF-922A-4D1821EA2CD6}
	EndGlobalSection
EndGlobal
